speakeasyVersion: 1.728.0
sources:
    YNAB API Endpoints:
        sourceNamespace: ynab-api-endpoints
        sourceRevisionDigest: sha256:67848e0ad7615e7e053bef10ea8c4664063ff6177cc247b92b097ecd16f35506
        sourceBlobDigest: sha256:00df3523a52ea10d9d667ab427b8a3f7f6e7bf4594e8830a9de862a98585da2e
        tags:
            - latest
            - 1.75.0
    YNAB OpenAPI:
        sourceNamespace: ynab-api
        sourceRevisionDigest: sha256:32c7b33f1406969c58b011136b8860a8fd38eebf66e9a1b2096a0ac0925b2b3c
        sourceBlobDigest: sha256:1db8ad2eed5f52a9a39e837dbe7bac9e705197c002800a0d15682d59648bb92b
        tags:
            - latest
            - speakeasy-sdk-regen-1771979158
            - 1.77.0
targets:
    ynab:
        source: YNAB OpenAPI
        sourceNamespace: ynab-api
        sourceRevisionDigest: sha256:32c7b33f1406969c58b011136b8860a8fd38eebf66e9a1b2096a0ac0925b2b3c
        sourceBlobDigest: sha256:1db8ad2eed5f52a9a39e837dbe7bac9e705197c002800a0d15682d59648bb92b
        codeSamplesNamespace: ynab-api-typescript-code-samples
        codeSamplesRevisionDigest: sha256:72446a684f322bb2038e36fc0dbab718c109aa30813544361013e23f21c72264
workflow:
    workflowVersion: 1.0.0
    speakeasyVersion: latest
    sources:
        YNAB OpenAPI:
            inputs:
                - location: https://api.ynab.com/papi/open_api_spec.yaml
            overlays:
                - location: .speakeasy/speakeasy-modifications-overlay.yaml
                - location: .speakeasy/overlay.yaml
            transformations:
                - removeUnused: true
            output: .speakeasy/out.openapi.yaml
            registry:
                location: registry.speakeasyapi.dev/walker/ynab/ynab-api
    targets:
        ynab:
            target: typescript
            source: YNAB OpenAPI
            publish:
                npm:
                    token: $npm_token
            codeSamples:
                registry:
                    location: registry.speakeasyapi.dev/walker/ynab/ynab-api-typescript-code-samples
                labelOverride:
                    fixedValue: Typescript (SDK)
                blocking: false
