speakeasyVersion: 1.596.0
sources:
    YNAB API Endpoints:
        sourceNamespace: ynab-api-endpoints
        sourceRevisionDigest: sha256:67848e0ad7615e7e053bef10ea8c4664063ff6177cc247b92b097ecd16f35506
        sourceBlobDigest: sha256:00df3523a52ea10d9d667ab427b8a3f7f6e7bf4594e8830a9de862a98585da2e
        tags:
            - latest
            - 1.75.0
    YNAB OpenAPI:
        sourceNamespace: ynab-api
        sourceRevisionDigest: sha256:7588a846c41bff5c327d30e9f18160fcf828ed621054adad4830123c69730db5
        sourceBlobDigest: sha256:264aef2387540c86f5d22b29bae31abdb99ae5841c1eed054007895979570bed
        tags:
            - latest
            - 1.75.0
targets:
    ynab:
        source: YNAB OpenAPI
        sourceNamespace: ynab-api
        sourceRevisionDigest: sha256:7588a846c41bff5c327d30e9f18160fcf828ed621054adad4830123c69730db5
        sourceBlobDigest: sha256:264aef2387540c86f5d22b29bae31abdb99ae5841c1eed054007895979570bed
        codeSamplesNamespace: ynab-api-typescript-code-samples
        codeSamplesRevisionDigest: sha256:8742ca3837f82fcb93768517440976765bacae6ceebf5aa8fc9d63ca39d611e1
workflow:
    workflowVersion: 1.0.0
    speakeasyVersion: latest
    sources:
        YNAB OpenAPI:
            inputs:
                - location: https://api.ynab.com/papi/open_api_spec.yaml
            overlays:
                - location: .speakeasy/speakeasy-modifications-overlay.yaml
            transformations:
                - removeUnused: true
            output: .speakeasy/out.openapi.yaml
            registry:
                location: registry.speakeasyapi.dev/walker/ynab/ynab-api
    targets:
        ynab:
            target: typescript
            source: YNAB OpenAPI
            publish:
                npm:
                    token: $npm_token
            codeSamples:
                registry:
                    location: registry.speakeasyapi.dev/walker/ynab/ynab-api-typescript-code-samples
                labelOverride:
                    fixedValue: Typescript (SDK)
                blocking: false
