speakeasyVersion: 1.790.2
sources:
    YNAB API Endpoints:
        sourceNamespace: ynab-api-endpoints
        sourceRevisionDigest: sha256:67848e0ad7615e7e053bef10ea8c4664063ff6177cc247b92b097ecd16f35506
        sourceBlobDigest: sha256:00df3523a52ea10d9d667ab427b8a3f7f6e7bf4594e8830a9de862a98585da2e
        tags:
            - latest
            - 1.75.0
    YNAB OpenAPI:
        sourceNamespace: ynab-api
        sourceRevisionDigest: sha256:d4690e332b3ec5c69e8db1c0eb656e07a9c54ad9b6f7508db364b7df2a1c15fc
        sourceBlobDigest: sha256:47367f168c99d001ef52a664fa17f7ca9e6e4bb02764406e7d00b213127eb474
        tags:
            - latest
            - 1.86.0
targets:
    ynab:
        source: YNAB OpenAPI
        sourceNamespace: ynab-api
        sourceRevisionDigest: sha256:d4690e332b3ec5c69e8db1c0eb656e07a9c54ad9b6f7508db364b7df2a1c15fc
        sourceBlobDigest: sha256:47367f168c99d001ef52a664fa17f7ca9e6e4bb02764406e7d00b213127eb474
        codeSamplesNamespace: ynab-api-typescript-code-samples
        codeSamplesRevisionDigest: sha256:462fc3462af57722426be46ac0f647f2afab958455a88882d58427227390557d
workflow:
    workflowVersion: 1.0.0
    speakeasyVersion: latest
    sources:
        YNAB OpenAPI:
            inputs:
                - location: https://api.ynab.com/papi/open_api_spec.yaml
            overlays:
                - location: .speakeasy/speakeasy-modifications-overlay.yaml
                - location: .speakeasy/overlay.yaml
            transformations:
                - removeUnused: true
            output: .speakeasy/out.openapi.yaml
            registry:
                location: registry.speakeasyapi.dev/walker/ynab/ynab-api
    targets:
        ynab:
            target: typescript
            source: YNAB OpenAPI
            publish:
                npm:
                    token: $npm_token
            codeSamples:
                registry:
                    location: registry.speakeasyapi.dev/walker/ynab/ynab-api-typescript-code-samples
                labelOverride:
                    fixedValue: Typescript (SDK)
                blocking: false
